
Microsoft Visual Studio Solution File, Format Version 12.00
# Visual Studio Version 16
VisualStudioVersion = 16.0.29306.81
MinimumVisualStudioVersion = 10.0.40219.1
Project("{FAE04EC0-301F-11D3-BF4B-00C04F79EFBC}") = "FirebaseAPI", "FirebaseAPI\FirebaseAPI.csproj", "{8FF68701-BD95-412A-9844-0155812FE2E3}"
EndProject
Global
	GlobalSection(SolutionConfigurationPlatforms) = preSolution
		Debug|Any CPU = Debug|Any CPU
		Release|Any CPU = Release|Any CPU
	EndGlobalSection
	GlobalSection(ProjectConfigurationPlatforms) = postSolution
		{8FF68701-BD95-412A-9844-0155812FE2E3}.Debug|Any CPU.ActiveCfg = Debug|Any CPU
		{8FF68701-BD95-412A-9844-0155812FE2E3}.Debug|Any CPU.Build.0 = Debug|Any CPU
		{8FF68701-BD95-412A-9844-0155812FE2E3}.Release|Any CPU.ActiveCfg = Release|Any CPU
		{8FF68701-BD95-412A-9844-0155812FE2E3}.Release|Any CPU.Build.0 = Release|Any CPU
	EndGlobalSection
	GlobalSection(SolutionProperties) = preSolution
		HideSolutionNode = FALSE
	EndGlobalSection
	GlobalSection(ExtensibilityGlobals) = postSolution
		SolutionGuid = {393C86C8-B6C7-40BB-ABA3-CF940CF07B79}
	EndGlobalSection
EndGlobal
